
Microsoft Visual Studio Solution File, Format Version 12.00
# Visual Studio Version 17
VisualStudioVersion = 17.11.35222.181
MinimumVisualStudioVersion = 10.0.40219.1
Project("{FAE04EC0-301F-11D3-BF4B-00C04F79EFBC}") = "UTS PBO", "UTS PBO\UTS PBO.csproj", "{0035066F-3142-43B2-A99E-1A14B8FE0C2C}"
EndProject
Global
	GlobalSection(SolutionConfigurationPlatforms) = preSolution
		Debug|Any CPU = Debug|Any CPU
		Release|Any CPU = Release|Any CPU
	EndGlobalSection
	GlobalSection(ProjectConfigurationPlatforms) = postSolution
		{0035066F-3142-43B2-A99E-1A14B8FE0C2C}.Debug|Any CPU.ActiveCfg = Debug|Any CPU
		{0035066F-3142-43B2-A99E-1A14B8FE0C2C}.Debug|Any CPU.Build.0 = Debug|Any CPU
		{0035066F-3142-43B2-A99E-1A14B8FE0C2C}.Release|Any CPU.ActiveCfg = Release|Any CPU
		{0035066F-3142-43B2-A99E-1A14B8FE0C2C}.Release|Any CPU.Build.0 = Release|Any CPU
	EndGlobalSection
	GlobalSection(SolutionProperties) = preSolution
		HideSolutionNode = FALSE
	EndGlobalSection
	GlobalSection(ExtensibilityGlobals) = postSolution
		SolutionGuid = {B5DBD169-E0B6-4C38-AF67-70112C9B9E32}
	EndGlobalSection
EndGlobal
